
Microsoft Visual Studio Solution File, Format Version 12.00
# Visual Studio 15
VisualStudioVersion = 15.0.34930.48
MinimumVisualStudioVersion = 10.0.40219.1
Project("{FAE04EC0-301F-11D3-BF4B-00C04F79EFBC}") = "banhang", "banhang\banhang.csproj", "{8490DDAF-6CFF-4BCA-B475-80650279864E}"
EndProject
Global
	GlobalSection(SolutionConfigurationPlatforms) = preSolution
		Debug|Any CPU = Debug|Any CPU
		Release|Any CPU = Release|Any CPU
	EndGlobalSection
	GlobalSection(ProjectConfigurationPlatforms) = postSolution
		{8490DDAF-6CFF-4BCA-B475-80650279864E}.Debug|Any CPU.ActiveCfg = Debug|Any CPU
		{8490DDAF-6CFF-4BCA-B475-80650279864E}.Debug|Any CPU.Build.0 = Debug|Any CPU
		{8490DDAF-6CFF-4BCA-B475-80650279864E}.Release|Any CPU.ActiveCfg = Release|Any CPU
		{8490DDAF-6CFF-4BCA-B475-80650279864E}.Release|Any CPU.Build.0 = Release|Any CPU
	EndGlobalSection
	GlobalSection(SolutionProperties) = preSolution
		HideSolutionNode = FALSE
	EndGlobalSection
	GlobalSection(ExtensibilityGlobals) = postSolution
		SolutionGuid = {95CE25D9-2ABD-4E86-B462-3AC288288863}
	EndGlobalSection
EndGlobal
